// !$*UTF8*$!
{
	archiveVersion = 1;
	classes = {
	};
	objectVersion = 46;
	objects = {

/* Begin PBXBuildFile section */
		ABE058131CCEE31D00279E0C /* AppDelegate.swift in Sources */ = {isa = PBXBuildFile; fileRef = ABE058121CCEE31D00279E0C /* AppDelegate.swift */; };
		ABE058151CCEE31D00279E0C /* ViewController.swift in Sources */ = {isa = PBXBuildFile; fileRef = ABE058141CCEE31D00279E0C /* ViewController.swift */; };
		ABE058181CCEE31D00279E0C /* Main.storyboard in Resources */ = {isa = PBXBuildFile; fileRef = ABE058161CCEE31D00279E0C /* Main.storyboard */; };
		ABE0581A1CCEE31D00279E0C /* Assets.xcassets in Resources */ = {isa = PBXBuildFile; fileRef = ABE058191CCEE31D00279E0C /* Assets.xcassets */; };
		ABE0581D1CCEE31D00279E0C /* LaunchScreen.storyboard in Resources */ = {isa = PBXBuildFile; fileRef = ABE0581B1CCEE31D00279E0C /* LaunchScreen.storyboard */; };
		ABE058261CDBC26E00279E0C /* CalculatorBrain.swift in Sources */ = {isa = PBXBuildFile; fileRef = ABE058251CDBC26E00279E0C /* CalculatorBrain.swift */; };
/* End PBXBuildFile section */

/* Begin PBXFileReference section */
		ABE0580F1CCEE31D00279E0C /* Calculator.app */ = {isa = PBXFileReference; explicitFileType = wrapper.application; includeInIndex = 0; path = Calculator.app; sourceTree = BUILT_PRODUCTS_DIR; };
		ABE058121CCEE31D00279E0C /* AppDelegate.swift */ = {isa = PBXFileReference; lastKnownFileType = sourcecode.swift; path = AppDelegate.swift; sourceTree = "<group>"; };
		ABE058141CCEE31D00279E0C /* ViewController.swift */ = {isa = PBXFileReference; lastKnownFileType = sourcecode.swift; path = ViewController.swift; sourceTree = "<group>"; };
		ABE058171CCEE31D00279E0C /* Base */ = {isa = PBXFileReference; lastKnownFileType = file.storyboard; name = Base; path = Base.lproj/Main.storyboard; sourceTree = "<group>"; };
		ABE058191CCEE31D00279E0C /* Assets.xcassets */ = {isa = PBXFileReference; lastKnownFileType = folder.assetcatalog; path = Assets.xcassets; sourceTree = "<group>"; };
		ABE0581C1CCEE31D00279E0C /* Base */ = {isa = PBXFileReference; lastKnownFileType = file.storyboard; name = Base; path = Base.lproj/LaunchScreen.storyboard; sourceTree = "<group>"; };
		ABE0581E1CCEE31D00279E0C /* Info.plist */ = {isa = PBXFileReference; lastKnownFileType = text.plist.xml; path = Info.plist; sourceTree = "<group>"; };
		ABE058251CDBC26E00279E0C /* CalculatorBrain.swift */ = {isa = PBXFileReference; fileEncoding = 4; lastKnownFileType = sourcecode.swift; path = CalculatorBrain.swift; sourceTree = "<group>"; };
/* End PBXFileReference section */

/* Begin PBXFrameworksBuildPhase section */
		ABE0580C1CCEE31D00279E0C /* Frameworks */ = {
			isa = PBXFrameworksBuildPhase;
			buildActionMask = 2147483647;
			files = (
			);
			runOnlyForDeploymentPostprocessing = 0;
		};
/* End PBXFrameworksBuildPhase section */

/* Begin PBXGroup section */
		ABE058061CCEE31D00279E0C = {
			isa = PBXGroup;
			children = (
				ABE058111CCEE31D00279E0C /* Calculator */,
				ABE058101CCEE31D00279E0C /* Products */,
			);
			sourceTree = "<group>";
		};
		ABE058101CCEE31D00279E0C /* Products */ = {
			isa = PBXGroup;
			children = (
				ABE0580F1CCEE31D00279E0C /* Calculator.app */,
			);
			name = Products;
			sourceTree = "<group>";
		};
		ABE058111CCEE31D00279E0C /* Calculator */ = {
			isa = PBXGroup;
			children = (
				ABE058141CCEE31D00279E0C /* ViewController.swift */,
				ABE058161CCEE31D00279E0C /* Main.storyboard */,
				ABE058241CCEF59F00279E0C /* Supporting Files */,
				ABE058251CDBC26E00279E0C /* CalculatorBrain.swift */,
			);
			path = Calculator;
			sourceTree = "<group>";
		};
		ABE058241CCEF59F00279E0C /* Supporting Files */ = {
			isa = PBXGroup;
			children = (
				ABE0581E1CCEE31D00279E0C /* Info.plist */,
				ABE0581B1CCEE31D00279E0C /* LaunchScreen.storyboard */,
				ABE058191CCEE31D00279E0C /* Assets.xcassets */,
				ABE058121CCEE31D00279E0C /* AppDelegate.swift */,
			);
			name = "Supporting Files";
			sourceTree = "<group>";
		};
/* End PBXGroup section */

/* Begin PBXNativeTarget section */
		ABE0580E1CCEE31D00279E0C /* Calculator */ = {
			isa = PBXNativeTarget;
			buildConfigurationList = ABE058211CCEE31D00279E0C /* Build configuration list for PBXNativeTarget "Calculator" */;
			buildPhases = (
				ABE0580B1CCEE31D00279E0C /* Sources */,
				ABE0580C1CCEE31D00279E0C /* Frameworks */,
				ABE0580D1CCEE31D00279E0C /* Resources */,
			);
			buildRules = (
			);
			dependencies = (
			);
			name = Calculator;
			productName = Calculator;
			productReference = ABE0580F1CCEE31D00279E0C /* Calculator.app */;
			productType = "com.apple.product-type.application";
		};
/* End PBXNativeTarget section */

/* Begin PBXProject section */
		ABE058071CCEE31D00279E0C /* Project object */ = {
			isa = PBXProject;
			attributes = {
				LastSwiftUpdateCheck = 0730;
				LastUpgradeCheck = 0730;
				ORGANIZATIONNAME = "Stanford Unversity CS 193P";
				TargetAttributes = {
					ABE0580E1CCEE31D00279E0C = {
						CreatedOnToolsVersion = 7.3;
						DevelopmentTeam = 4WUU2KLMQY;
					};
				};
			};
			buildConfigurationList = ABE0580A1CCEE31D00279E0C /* Build configuration list for PBXProject "Calculator" */;
			compatibilityVersion = "Xcode 3.2";
			developmentRegion = English;
			hasScannedForEncodings = 0;
			knownRegions = (
				en,
				Base,
			);
			mainGroup = ABE058061CCEE31D00279E0C;
			productRefGroup = ABE058101CCEE31D00279E0C /* Products */;
			projectDirPath = "";
			projectRoot = "";
			targets = (
				ABE0580E1CCEE31D00279E0C /* Calculator */,
			);
		};
/* End PBXProject section */

/* Begin PBXResourcesBuildPhase section */
		ABE0580D1CCEE31D00279E0C /* Resources */ = {
			isa = PBXResourcesBuildPhase;
			buildActionMask = 2147483647;
			files = (
				ABE0581D1CCEE31D00279E0C /* LaunchScreen.storyboard in Resources */,
				ABE0581A1CCEE31D00279E0C /* Assets.xcassets in Resources */,
				ABE058181CCEE31D00279E0C /* Main.storyboard in Resources */,
			);
			runOnlyForDeploymentPostprocessing = 0;
		};
/* End PBXResourcesBuildPhase section */

/* Begin PBXSourcesBuildPhase section */
		ABE0580B1CCEE31D00279E0C /* Sources */ = {
			isa = PBXSourcesBuildPhase;
			buildActionMask = 2147483647;
			files = (
				ABE058261CDBC26E00279E0C /* CalculatorBrain.swift in Sources */,
				ABE058151CCEE31D00279E0C /* ViewController.swift in Sources */,
				ABE058131CCEE31D00279E0C /* AppDelegate.swift in Sources */,
			);
			runOnlyForDeploymentPostprocessing = 0;
		};
/* End PBXSourcesBuildPhase section */

/* Begin PBXVariantGroup section */
		ABE058161CCEE31D00279E0C /* Main.storyboard */ = {
			isa = PBXVariantGroup;
			children = (
				ABE058171CCEE31D00279E0C /* Base */,
			);
			name = Main.storyboard;
			sourceTree = "<group>";
		};
		ABE0581B1CCEE31D00279E0C /* LaunchScreen.storyboard */ = {
			isa = PBXVariantGroup;
			children = (
				ABE0581C1CCEE31D00279E0C /* Base */,
			);
			name = LaunchScreen.storyboard;
			sourceTree = "<group>";
		};
/* End PBXVariantGroup section */

/* Begin XCBuildConfiguration section */
		ABE0581F1CCEE31D00279E0C /* Debug */ = {
			isa = XCBuildConfiguration;
			buildSettings = {
				ALWAYS_SEARCH_USER_PATHS = NO;
				CLANG_ANALYZER_NONNULL = YES;
				CLANG_CXX_LANGUAGE_STANDARD = "gnu++0x";
				CLANG_CXX_LIBRARY = "libc++";
				CLANG_ENABLE_MODULES = YES;
				CLANG_ENABLE_OBJC_ARC = YES;
				CLANG_WARN_BOOL_CONVERSION = YES;
				CLANG_WARN_CONSTANT_CONVERSION = YES;
				CLANG_WARN_DIRECT_OBJC_ISA_USAGE = YES_ERROR;
				CLANG_WARN_EMPTY_BODY = YES;
				CLANG_WARN_ENUM_CONVERSION = YES;
				CLANG_WARN_INT_CONVERSION = YES;
				CLANG_WARN_OBJC_ROOT_CLASS = YES_ERROR;
				CLANG_WARN_UNREACHABLE_CODE = YES;
				CLANG_WARN__DUPLICATE_METHOD_MATCH = YES;
				"CODE_SIGN_IDENTITY[sdk=iphoneos*]" = "iPhone Developer";
				COPY_PHASE_STRIP = NO;
				DEBUG_INFORMATION_FORMAT = dwarf;
				ENABLE_STRICT_OBJC_MSGSEND = YES;
				ENABLE_TESTABILITY = YES;
				GCC_C_LANGUAGE_STANDARD = gnu99;
				GCC_DYNAMIC_NO_PIC = NO;
				GCC_NO_COMMON_BLOCKS = YES;
				GCC_OPTIMIZATION_LEVEL = 0;
				GCC_PREPROCESSOR_DEFINITIONS = (
					"DEBUG=1",
					"$(inherited)",
				);
				GCC_WARN_64_TO_32_BIT_CONVERSION = YES;
				GCC_WARN_ABOUT_RETURN_TYPE = YES_ERROR;
				GCC_WARN_UNDECLARED_SELECTOR = YES;
				GCC_WARN_UNINITIALIZED_AUTOS = YES_AGGRESSIVE;
				GCC_WARN_UNUSED_FUNCTION = YES;
				GCC_WARN_UNUSED_VARIABLE = YES;
				IPHONEOS_DEPLOYMENT_TARGET = 9.3;
				MTL_ENABLE_DEBUG_INFO = YES;
				ONLY_ACTIVE_ARCH = YES;
				SDKROOT = iphoneos;
				SWIFT_OPTIMIZATION_LEVEL = "-Onone";
				TARGETED_DEVICE_FAMILY = "1,2";
			};
			name = Debug;
		};
		ABE058201CCEE31D00279E0C /* Release */ = {
			isa = XCBuildConfiguration;
			buildSettings = {
				ALWAYS_SEARCH_USER_PATHS = NO;
				CLANG_ANALYZER_NONNULL = YES;
				CLANG_CXX_LANGUAGE_STANDARD = "gnu++0x";
				CLANG_CXX_LIBRARY = "libc++";
				CLANG_ENABLE_MODULES = YES;
				CLANG_ENABLE_OBJC_ARC = YES;
				CLANG_WARN_BOOL_CONVERSION = YES;
				CLANG_WARN_CONSTANT_CONVERSION = YES;
				CLANG_WARN_DIRECT_OBJC_ISA_USAGE = YES_ERROR;
				CLANG_WARN_EMPTY_BODY = YES;
				CLANG_WARN_ENUM_CONVERSION = YES;
				CLANG_WARN_INT_CONVERSION = YES;
				CLANG_WARN_OBJC_ROOT_CLASS = YES_ERROR;
				CLANG_WARN_UNREACHABLE_CODE = YES;
				CLANG_WARN__DUPLICATE_METHOD_MATCH = YES;
				"CODE_SIGN_IDENTITY[sdk=iphoneos*]" = "iPhone Developer";
				COPY_PHASE_STRIP = NO;
				DEBUG_INFORMATION_FORMAT = "dwarf-with-dsym";
				ENABLE_NS_ASSERTIONS = NO;
				ENABLE_STRICT_OBJC_MSGSEND = YES;
				GCC_C_LANGUAGE_STANDARD = gnu99;
				GCC_NO_COMMON_BLOCKS = YES;
				GCC_WARN_64_TO_32_BIT_CONVERSION = YES;
				GCC_WARN_ABOUT_RETURN_TYPE = YES_ERROR;
				GCC_WARN_UNDECLARED_SELECTOR = YES;
				GCC_WARN_UNINITIALIZED_AUTOS = YES_AGGRESSIVE;
				GCC_WARN_UNUSED_FUNCTION = YES;
				GCC_WARN_UNUSED_VARIABLE = YES;
				IPHONEOS_DEPLOYMENT_TARGET = 9.3;
				MTL_ENABLE_DEBUG_INFO = NO;
				SDKROOT = iphoneos;
				TARGETED_DEVICE_FAMILY = "1,2";
				VALIDATE_PRODUCT = YES;
			};
			name = Release;
		};
		ABE058221CCEE31D00279E0C /* Debug */ = {
			isa = XCBuildConfiguration;
			buildSettings = {
				ASSETCATALOG_COMPILER_APPICON_NAME = AppIcon;
				CODE_SIGN_IDENTITY = "iPhone Developer";
				INFOPLIST_FILE = Calculator/Info.plist;
				LD_RUNPATH_SEARCH_PATHS = "$(inherited) @executable_path/Frameworks";
				PRODUCT_BUNDLE_IDENTIFIER = com.classicallygeek.Calculator;
				PRODUCT_NAME = "$(TARGET_NAME)";
			};
			name = Debug;
		};
		ABE058231CCEE31D00279E0C /* Release */ = {
			isa = XCBuildConfiguration;
			buildSettings = {
				ASSETCATALOG_COMPILER_APPICON_NAME = AppIcon;
				CODE_SIGN_IDENTITY = "iPhone Developer";
				INFOPLIST_FILE = Calculator/Info.plist;
				LD_RUNPATH_SEARCH_PATHS = "$(inherited) @executable_path/Frameworks";
				PRODUCT_BUNDLE_IDENTIFIER = com.classicallygeek.Calculator;
				PRODUCT_NAME = "$(TARGET_NAME)";
			};
			name = Release;
		};
/* End XCBuildConfiguration section */

/* Begin XCConfigurationList section */
		ABE0580A1CCEE31D00279E0C /* Build configuration list for PBXProject "Calculator" */ = {
			isa = XCConfigurationList;
			buildConfigurations = (
				ABE0581F1CCEE31D00279E0C /* Debug */,
				ABE058201CCEE31D00279E0C /* Release */,
			);
			defaultConfigurationIsVisible = 0;
			defaultConfigurationName = Release;
		};
		ABE058211CCEE31D00279E0C /* Build configuration list for PBXNativeTarget "Calculator" */ = {
			isa = XCConfigurationList;
			buildConfigurations = (
				ABE058221CCEE31D00279E0C /* Debug */,
				ABE058231CCEE31D00279E0C /* Release */,
			);
			defaultConfigurationIsVisible = 0;
			defaultConfigurationName = Release;
		};
/* End XCConfigurationList section */
	};
	rootObject = ABE058071CCEE31D00279E0C /* Project object */;
}
